
Microsoft Visual Studio Solution File, Format Version 12.00
# Visual Studio 15
VisualStudioVersion = 15.0.27703.2035
MinimumVisualStudioVersion = 10.0.40219.1
Project("{FAE04EC0-301F-11D3-BF4B-00C04F79EFBC}") = "GoGreen", "GoGreen\GoGreen.csproj", "{EE14DFCD-3043-4ADD-885E-CC4E734C05CE}"
EndProject
Global
	GlobalSection(SolutionConfigurationPlatforms) = preSolution
		Debug|Any CPU = Debug|Any CPU
		Release|Any CPU = Release|Any CPU
	EndGlobalSection
	GlobalSection(ProjectConfigurationPlatforms) = postSolution
		{EE14DFCD-3043-4ADD-885E-CC4E734C05CE}.Debug|Any CPU.ActiveCfg = Debug|Any CPU
		{EE14DFCD-3043-4ADD-885E-CC4E734C05CE}.Debug|Any CPU.Build.0 = Debug|Any CPU
		{EE14DFCD-3043-4ADD-885E-CC4E734C05CE}.Release|Any CPU.ActiveCfg = Release|Any CPU
		{EE14DFCD-3043-4ADD-885E-CC4E734C05CE}.Release|Any CPU.Build.0 = Release|Any CPU
	EndGlobalSection
	GlobalSection(SolutionProperties) = preSolution
		HideSolutionNode = FALSE
	EndGlobalSection
	GlobalSection(ExtensibilityGlobals) = postSolution
		SolutionGuid = {A6CD82A9-D848-433E-A044-46B0527BA730}
	EndGlobalSection
EndGlobal
